
Microsoft Visual Studio Solution File, Format Version 12.00
# Visual Studio Version 16
VisualStudioVersion = 16.0.30114.105
MinimumVisualStudioVersion = 10.0.40219.1
Project("{9A19103F-16F7-4668-BE54-9A1E7A4F7556}") = "StringToIntLib", "StringToIntLib\StringToIntLib.csproj", "{70A49AB3-BC5B-422E-BFAE-B042B63CADC5}"
EndProject
Project("{9A19103F-16F7-4668-BE54-9A1E7A4F7556}") = "Application", "Application\Application.csproj", "{B9867EC3-5A02-4D85-A3DD-0B2726F425D5}"
EndProject
Project("{FAE04EC0-301F-11D3-BF4B-00C04F79EFBC}") = "Application.Tests", "Application.Tests\Application.Tests.csproj", "{C7BA21D2-65D0-431A-80D7-DC774FB103FA}"
EndProject
Project("{FAE04EC0-301F-11D3-BF4B-00C04F79EFBC}") = "StringToIntLib.Tests", "StringToIntLib.Tests\StringToIntLib.Tests.csproj", "{9B4CBCDC-6470-471A-A34C-48F9B9C4DE32}"
EndProject
Global
	GlobalSection(SolutionConfigurationPlatforms) = preSolution
		Debug|Any CPU = Debug|Any CPU
		Debug|x64 = Debug|x64
		Debug|x86 = Debug|x86
		Release|Any CPU = Release|Any CPU
		Release|x64 = Release|x64
		Release|x86 = Release|x86
	EndGlobalSection
	GlobalSection(ProjectConfigurationPlatforms) = postSolution
		{70A49AB3-BC5B-422E-BFAE-B042B63CADC5}.Debug|Any CPU.ActiveCfg = Debug|Any CPU
		{70A49AB3-BC5B-422E-BFAE-B042B63CADC5}.Debug|Any CPU.Build.0 = Debug|Any CPU
		{70A49AB3-BC5B-422E-BFAE-B042B63CADC5}.Debug|x64.ActiveCfg = Debug|Any CPU
		{70A49AB3-BC5B-422E-BFAE-B042B63CADC5}.Debug|x64.Build.0 = Debug|Any CPU
		{70A49AB3-BC5B-422E-BFAE-B042B63CADC5}.Debug|x86.ActiveCfg = Debug|Any CPU
		{70A49AB3-BC5B-422E-BFAE-B042B63CADC5}.Debug|x86.Build.0 = Debug|Any CPU
		{70A49AB3-BC5B-422E-BFAE-B042B63CADC5}.Release|Any CPU.ActiveCfg = Release|Any CPU
		{70A49AB3-BC5B-422E-BFAE-B042B63CADC5}.Release|Any CPU.Build.0 = Release|Any CPU
		{70A49AB3-BC5B-422E-BFAE-B042B63CADC5}.Release|x64.ActiveCfg = Release|Any CPU
		{70A49AB3-BC5B-422E-BFAE-B042B63CADC5}.Release|x64.Build.0 = Release|Any CPU
		{70A49AB3-BC5B-422E-BFAE-B042B63CADC5}.Release|x86.ActiveCfg = Release|Any CPU
		{70A49AB3-BC5B-422E-BFAE-B042B63CADC5}.Release|x86.Build.0 = Release|Any CPU
		{B9867EC3-5A02-4D85-A3DD-0B2726F425D5}.Debug|Any CPU.ActiveCfg = Debug|Any CPU
		{B9867EC3-5A02-4D85-A3DD-0B2726F425D5}.Debug|Any CPU.Build.0 = Debug|Any CPU
		{B9867EC3-5A02-4D85-A3DD-0B2726F425D5}.Debug|x64.ActiveCfg = Debug|Any CPU
		{B9867EC3-5A02-4D85-A3DD-0B2726F425D5}.Debug|x64.Build.0 = Debug|Any CPU
		{B9867EC3-5A02-4D85-A3DD-0B2726F425D5}.Debug|x86.ActiveCfg = Debug|Any CPU
		{B9867EC3-5A02-4D85-A3DD-0B2726F425D5}.Debug|x86.Build.0 = Debug|Any CPU
		{B9867EC3-5A02-4D85-A3DD-0B2726F425D5}.Release|Any CPU.ActiveCfg = Release|Any CPU
		{B9867EC3-5A02-4D85-A3DD-0B2726F425D5}.Release|Any CPU.Build.0 = Release|Any CPU
		{B9867EC3-5A02-4D85-A3DD-0B2726F425D5}.Release|x64.ActiveCfg = Release|Any CPU
		{B9867EC3-5A02-4D85-A3DD-0B2726F425D5}.Release|x64.Build.0 = Release|Any CPU
		{B9867EC3-5A02-4D85-A3DD-0B2726F425D5}.Release|x86.ActiveCfg = Release|Any CPU
		{B9867EC3-5A02-4D85-A3DD-0B2726F425D5}.Release|x86.Build.0 = Release|Any CPU
		{C7BA21D2-65D0-431A-80D7-DC774FB103FA}.Debug|Any CPU.ActiveCfg = Debug|Any CPU
		{C7BA21D2-65D0-431A-80D7-DC774FB103FA}.Debug|Any CPU.Build.0 = Debug|Any CPU
		{C7BA21D2-65D0-431A-80D7-DC774FB103FA}.Debug|x64.ActiveCfg = Debug|Any CPU
		{C7BA21D2-65D0-431A-80D7-DC774FB103FA}.Debug|x64.Build.0 = Debug|Any CPU
		{C7BA21D2-65D0-431A-80D7-DC774FB103FA}.Debug|x86.ActiveCfg = Debug|Any CPU
		{C7BA21D2-65D0-431A-80D7-DC774FB103FA}.Debug|x86.Build.0 = Debug|Any CPU
		{C7BA21D2-65D0-431A-80D7-DC774FB103FA}.Release|Any CPU.ActiveCfg = Release|Any CPU
		{C7BA21D2-65D0-431A-80D7-DC774FB103FA}.Release|Any CPU.Build.0 = Release|Any CPU
		{C7BA21D2-65D0-431A-80D7-DC774FB103FA}.Release|x64.ActiveCfg = Release|Any CPU
		{C7BA21D2-65D0-431A-80D7-DC774FB103FA}.Release|x64.Build.0 = Release|Any CPU
		{C7BA21D2-65D0-431A-80D7-DC774FB103FA}.Release|x86.ActiveCfg = Release|Any CPU
		{C7BA21D2-65D0-431A-80D7-DC774FB103FA}.Release|x86.Build.0 = Release|Any CPU
		{9B4CBCDC-6470-471A-A34C-48F9B9C4DE32}.Debug|Any CPU.ActiveCfg = Debug|Any CPU
		{9B4CBCDC-6470-471A-A34C-48F9B9C4DE32}.Debug|Any CPU.Build.0 = Debug|Any CPU
		{9B4CBCDC-6470-471A-A34C-48F9B9C4DE32}.Debug|x64.ActiveCfg = Debug|Any CPU
		{9B4CBCDC-6470-471A-A34C-48F9B9C4DE32}.Debug|x64.Build.0 = Debug|Any CPU
		{9B4CBCDC-6470-471A-A34C-48F9B9C4DE32}.Debug|x86.ActiveCfg = Debug|Any CPU
		{9B4CBCDC-6470-471A-A34C-48F9B9C4DE32}.Debug|x86.Build.0 = Debug|Any CPU
		{9B4CBCDC-6470-471A-A34C-48F9B9C4DE32}.Release|Any CPU.ActiveCfg = Release|Any CPU
		{9B4CBCDC-6470-471A-A34C-48F9B9C4DE32}.Release|Any CPU.Build.0 = Release|Any CPU
		{9B4CBCDC-6470-471A-A34C-48F9B9C4DE32}.Release|x64.ActiveCfg = Release|Any CPU
		{9B4CBCDC-6470-471A-A34C-48F9B9C4DE32}.Release|x64.Build.0 = Release|Any CPU
		{9B4CBCDC-6470-471A-A34C-48F9B9C4DE32}.Release|x86.ActiveCfg = Release|Any CPU
		{9B4CBCDC-6470-471A-A34C-48F9B9C4DE32}.Release|x86.Build.0 = Release|Any CPU
	EndGlobalSection
	GlobalSection(SolutionProperties) = preSolution
		HideSolutionNode = FALSE
	EndGlobalSection
	GlobalSection(ExtensibilityGlobals) = postSolution
		SolutionGuid = {4FF92FF1-F16F-49DB-B3EC-ED37EECDCAD1}
	EndGlobalSection
EndGlobal
