
Microsoft Visual Studio Solution File, Format Version 12.00
# Visual Studio Version 16
VisualStudioVersion = 16.0.30114.105
MinimumVisualStudioVersion = 10.0.40219.1
Project("{9A19103F-16F7-4668-BE54-9A1E7A4F7556}") = "StringToIntLib", "StringToIntLib\StringToIntLib.csproj", "{BFE7006F-5137-4200-BCB2-91CDA2E4AB63}"
EndProject
Project("{9A19103F-16F7-4668-BE54-9A1E7A4F7556}") = "ConsoleUI", "Console\ConsoleUI.csproj", "{68D0B195-CE8B-4A02-B08A-553062C0E5D8}"
EndProject
Project("{FAE04EC0-301F-11D3-BF4B-00C04F79EFBC}") = "StringToIntLib.Tests", "StringToIntLib.Tests\StringToIntLib.Tests.csproj", "{A0D91525-CF7B-4AFB-9E32-1FF4644F71D5}"
EndProject
Global
	GlobalSection(SolutionConfigurationPlatforms) = preSolution
		Debug|Any CPU = Debug|Any CPU
		Debug|x64 = Debug|x64
		Debug|x86 = Debug|x86
		Release|Any CPU = Release|Any CPU
		Release|x64 = Release|x64
		Release|x86 = Release|x86
	EndGlobalSection
	GlobalSection(ProjectConfigurationPlatforms) = postSolution
		{BFE7006F-5137-4200-BCB2-91CDA2E4AB63}.Debug|Any CPU.ActiveCfg = Debug|Any CPU
		{BFE7006F-5137-4200-BCB2-91CDA2E4AB63}.Debug|Any CPU.Build.0 = Debug|Any CPU
		{BFE7006F-5137-4200-BCB2-91CDA2E4AB63}.Debug|x64.ActiveCfg = Debug|Any CPU
		{BFE7006F-5137-4200-BCB2-91CDA2E4AB63}.Debug|x64.Build.0 = Debug|Any CPU
		{BFE7006F-5137-4200-BCB2-91CDA2E4AB63}.Debug|x86.ActiveCfg = Debug|Any CPU
		{BFE7006F-5137-4200-BCB2-91CDA2E4AB63}.Debug|x86.Build.0 = Debug|Any CPU
		{BFE7006F-5137-4200-BCB2-91CDA2E4AB63}.Release|Any CPU.ActiveCfg = Release|Any CPU
		{BFE7006F-5137-4200-BCB2-91CDA2E4AB63}.Release|Any CPU.Build.0 = Release|Any CPU
		{BFE7006F-5137-4200-BCB2-91CDA2E4AB63}.Release|x64.ActiveCfg = Release|Any CPU
		{BFE7006F-5137-4200-BCB2-91CDA2E4AB63}.Release|x64.Build.0 = Release|Any CPU
		{BFE7006F-5137-4200-BCB2-91CDA2E4AB63}.Release|x86.ActiveCfg = Release|Any CPU
		{BFE7006F-5137-4200-BCB2-91CDA2E4AB63}.Release|x86.Build.0 = Release|Any CPU
		{68D0B195-CE8B-4A02-B08A-553062C0E5D8}.Debug|Any CPU.ActiveCfg = Debug|Any CPU
		{68D0B195-CE8B-4A02-B08A-553062C0E5D8}.Debug|Any CPU.Build.0 = Debug|Any CPU
		{68D0B195-CE8B-4A02-B08A-553062C0E5D8}.Debug|x64.ActiveCfg = Debug|Any CPU
		{68D0B195-CE8B-4A02-B08A-553062C0E5D8}.Debug|x64.Build.0 = Debug|Any CPU
		{68D0B195-CE8B-4A02-B08A-553062C0E5D8}.Debug|x86.ActiveCfg = Debug|Any CPU
		{68D0B195-CE8B-4A02-B08A-553062C0E5D8}.Debug|x86.Build.0 = Debug|Any CPU
		{68D0B195-CE8B-4A02-B08A-553062C0E5D8}.Release|Any CPU.ActiveCfg = Release|Any CPU
		{68D0B195-CE8B-4A02-B08A-553062C0E5D8}.Release|Any CPU.Build.0 = Release|Any CPU
		{68D0B195-CE8B-4A02-B08A-553062C0E5D8}.Release|x64.ActiveCfg = Release|Any CPU
		{68D0B195-CE8B-4A02-B08A-553062C0E5D8}.Release|x64.Build.0 = Release|Any CPU
		{68D0B195-CE8B-4A02-B08A-553062C0E5D8}.Release|x86.ActiveCfg = Release|Any CPU
		{68D0B195-CE8B-4A02-B08A-553062C0E5D8}.Release|x86.Build.0 = Release|Any CPU
		{A0D91525-CF7B-4AFB-9E32-1FF4644F71D5}.Debug|Any CPU.ActiveCfg = Debug|Any CPU
		{A0D91525-CF7B-4AFB-9E32-1FF4644F71D5}.Debug|Any CPU.Build.0 = Debug|Any CPU
		{A0D91525-CF7B-4AFB-9E32-1FF4644F71D5}.Debug|x64.ActiveCfg = Debug|Any CPU
		{A0D91525-CF7B-4AFB-9E32-1FF4644F71D5}.Debug|x64.Build.0 = Debug|Any CPU
		{A0D91525-CF7B-4AFB-9E32-1FF4644F71D5}.Debug|x86.ActiveCfg = Debug|Any CPU
		{A0D91525-CF7B-4AFB-9E32-1FF4644F71D5}.Debug|x86.Build.0 = Debug|Any CPU
		{A0D91525-CF7B-4AFB-9E32-1FF4644F71D5}.Release|Any CPU.ActiveCfg = Release|Any CPU
		{A0D91525-CF7B-4AFB-9E32-1FF4644F71D5}.Release|Any CPU.Build.0 = Release|Any CPU
		{A0D91525-CF7B-4AFB-9E32-1FF4644F71D5}.Release|x64.ActiveCfg = Release|Any CPU
		{A0D91525-CF7B-4AFB-9E32-1FF4644F71D5}.Release|x64.Build.0 = Release|Any CPU
		{A0D91525-CF7B-4AFB-9E32-1FF4644F71D5}.Release|x86.ActiveCfg = Release|Any CPU
		{A0D91525-CF7B-4AFB-9E32-1FF4644F71D5}.Release|x86.Build.0 = Release|Any CPU
	EndGlobalSection
	GlobalSection(SolutionProperties) = preSolution
		HideSolutionNode = FALSE
	EndGlobalSection
	GlobalSection(ExtensibilityGlobals) = postSolution
		SolutionGuid = {D9F16B0B-2EBA-4CF3-876C-2406ABC19D3A}
	EndGlobalSection
EndGlobal
