
Microsoft Visual Studio Solution File, Format Version 12.00
# Visual Studio Version 16
VisualStudioVersion = 16.0.31613.86
MinimumVisualStudioVersion = 10.0.40219.1
Project("{9A19103F-16F7-4668-BE54-9A1E7A4F7556}") = "RestApi", "module_10\RestApi.csproj", "{290A18C8-23E4-413B-BADB-9C4C2AC60AB5}"
EndProject
Project("{9A19103F-16F7-4668-BE54-9A1E7A4F7556}") = "BusinessLogic", "LectureClassLibrary\BusinessLogic.csproj", "{DB8AFF51-B218-4302-B499-960169C85949}"
EndProject
Project("{9A19103F-16F7-4668-BE54-9A1E7A4F7556}") = "DataAccess", "DataAccess\DataAccess.csproj", "{2BA49C92-0FB8-4E63-B5FD-C8B2B5DFEFFB}"
EndProject
Project("{9A19103F-16F7-4668-BE54-9A1E7A4F7556}") = "Domain", "Domain\Domain.csproj", "{FCF14209-5F97-4EB3-A789-2629EC5CBA68}"
EndProject
Project("{FAE04EC0-301F-11D3-BF4B-00C04F79EFBC}") = "RestApi.Tests", "RestApi.Tests\RestApi.Tests.csproj", "{50D78B15-CA86-4388-B01B-8A7D0017A652}"
EndProject
Project("{FAE04EC0-301F-11D3-BF4B-00C04F79EFBC}") = "DataAccess.Tests", "DataAccess.Tests\DataAccess.Tests.csproj", "{AF5C9EBD-FEFC-492C-B84D-35D9F8A681F9}"
EndProject
Global
	GlobalSection(SolutionConfigurationPlatforms) = preSolution
		Debug|Any CPU = Debug|Any CPU
		Release|Any CPU = Release|Any CPU
	EndGlobalSection
	GlobalSection(ProjectConfigurationPlatforms) = postSolution
		{290A18C8-23E4-413B-BADB-9C4C2AC60AB5}.Debug|Any CPU.ActiveCfg = Debug|Any CPU
		{290A18C8-23E4-413B-BADB-9C4C2AC60AB5}.Debug|Any CPU.Build.0 = Debug|Any CPU
		{290A18C8-23E4-413B-BADB-9C4C2AC60AB5}.Release|Any CPU.ActiveCfg = Release|Any CPU
		{290A18C8-23E4-413B-BADB-9C4C2AC60AB5}.Release|Any CPU.Build.0 = Release|Any CPU
		{DB8AFF51-B218-4302-B499-960169C85949}.Debug|Any CPU.ActiveCfg = Debug|Any CPU
		{DB8AFF51-B218-4302-B499-960169C85949}.Debug|Any CPU.Build.0 = Debug|Any CPU
		{DB8AFF51-B218-4302-B499-960169C85949}.Release|Any CPU.ActiveCfg = Release|Any CPU
		{DB8AFF51-B218-4302-B499-960169C85949}.Release|Any CPU.Build.0 = Release|Any CPU
		{2BA49C92-0FB8-4E63-B5FD-C8B2B5DFEFFB}.Debug|Any CPU.ActiveCfg = Debug|Any CPU
		{2BA49C92-0FB8-4E63-B5FD-C8B2B5DFEFFB}.Debug|Any CPU.Build.0 = Debug|Any CPU
		{2BA49C92-0FB8-4E63-B5FD-C8B2B5DFEFFB}.Release|Any CPU.ActiveCfg = Release|Any CPU
		{2BA49C92-0FB8-4E63-B5FD-C8B2B5DFEFFB}.Release|Any CPU.Build.0 = Release|Any CPU
		{FCF14209-5F97-4EB3-A789-2629EC5CBA68}.Debug|Any CPU.ActiveCfg = Debug|Any CPU
		{FCF14209-5F97-4EB3-A789-2629EC5CBA68}.Debug|Any CPU.Build.0 = Debug|Any CPU
		{FCF14209-5F97-4EB3-A789-2629EC5CBA68}.Release|Any CPU.ActiveCfg = Release|Any CPU
		{FCF14209-5F97-4EB3-A789-2629EC5CBA68}.Release|Any CPU.Build.0 = Release|Any CPU
		{50D78B15-CA86-4388-B01B-8A7D0017A652}.Debug|Any CPU.ActiveCfg = Debug|Any CPU
		{50D78B15-CA86-4388-B01B-8A7D0017A652}.Debug|Any CPU.Build.0 = Debug|Any CPU
		{50D78B15-CA86-4388-B01B-8A7D0017A652}.Release|Any CPU.ActiveCfg = Release|Any CPU
		{50D78B15-CA86-4388-B01B-8A7D0017A652}.Release|Any CPU.Build.0 = Release|Any CPU
		{AF5C9EBD-FEFC-492C-B84D-35D9F8A681F9}.Debug|Any CPU.ActiveCfg = Debug|Any CPU
		{AF5C9EBD-FEFC-492C-B84D-35D9F8A681F9}.Debug|Any CPU.Build.0 = Debug|Any CPU
		{AF5C9EBD-FEFC-492C-B84D-35D9F8A681F9}.Release|Any CPU.ActiveCfg = Release|Any CPU
		{AF5C9EBD-FEFC-492C-B84D-35D9F8A681F9}.Release|Any CPU.Build.0 = Release|Any CPU
	EndGlobalSection
	GlobalSection(SolutionProperties) = preSolution
		HideSolutionNode = FALSE
	EndGlobalSection
	GlobalSection(ExtensibilityGlobals) = postSolution
		SolutionGuid = {465257CB-7479-4301-B6BD-62F24DDB9510}
	EndGlobalSection
EndGlobal
