
Microsoft Visual Studio Solution File, Format Version 12.00
# Visual Studio Version 16
VisualStudioVersion = 16.0.30114.105
MinimumVisualStudioVersion = 10.0.40219.1
Project("{9A19103F-16F7-4668-BE54-9A1E7A4F7556}") = "Figures", "Figures\Figures.csproj", "{298F806E-B23D-4462-9A43-3902BAF81ED3}"
EndProject
Project("{9A19103F-16F7-4668-BE54-9A1E7A4F7556}") = "Game", "Game\Game.csproj", "{8D53AFA9-0B5A-4DBE-96EA-DDD7F5ADE950}"
EndProject
Project("{FAE04EC0-301F-11D3-BF4B-00C04F79EFBC}") = "ConsoleGame", "ConsoleGame\ConsoleGame.csproj", "{DE3B794D-3FE0-420D-8047-29614527BF7A}"
	ProjectSection(ProjectDependencies) = postProject
		{8D53AFA9-0B5A-4DBE-96EA-DDD7F5ADE950} = {8D53AFA9-0B5A-4DBE-96EA-DDD7F5ADE950}
	EndProjectSection
EndProject
Global
	GlobalSection(SolutionConfigurationPlatforms) = preSolution
		Debug|Any CPU = Debug|Any CPU
		Debug|x64 = Debug|x64
		Debug|x86 = Debug|x86
		Release|Any CPU = Release|Any CPU
		Release|x64 = Release|x64
		Release|x86 = Release|x86
	EndGlobalSection
	GlobalSection(ProjectConfigurationPlatforms) = postSolution
		{298F806E-B23D-4462-9A43-3902BAF81ED3}.Debug|Any CPU.ActiveCfg = Debug|Any CPU
		{298F806E-B23D-4462-9A43-3902BAF81ED3}.Debug|Any CPU.Build.0 = Debug|Any CPU
		{298F806E-B23D-4462-9A43-3902BAF81ED3}.Debug|x64.ActiveCfg = Debug|Any CPU
		{298F806E-B23D-4462-9A43-3902BAF81ED3}.Debug|x64.Build.0 = Debug|Any CPU
		{298F806E-B23D-4462-9A43-3902BAF81ED3}.Debug|x86.ActiveCfg = Debug|Any CPU
		{298F806E-B23D-4462-9A43-3902BAF81ED3}.Debug|x86.Build.0 = Debug|Any CPU
		{298F806E-B23D-4462-9A43-3902BAF81ED3}.Release|Any CPU.ActiveCfg = Release|Any CPU
		{298F806E-B23D-4462-9A43-3902BAF81ED3}.Release|Any CPU.Build.0 = Release|Any CPU
		{298F806E-B23D-4462-9A43-3902BAF81ED3}.Release|x64.ActiveCfg = Release|Any CPU
		{298F806E-B23D-4462-9A43-3902BAF81ED3}.Release|x64.Build.0 = Release|Any CPU
		{298F806E-B23D-4462-9A43-3902BAF81ED3}.Release|x86.ActiveCfg = Release|Any CPU
		{298F806E-B23D-4462-9A43-3902BAF81ED3}.Release|x86.Build.0 = Release|Any CPU
		{8D53AFA9-0B5A-4DBE-96EA-DDD7F5ADE950}.Debug|Any CPU.ActiveCfg = Debug|Any CPU
		{8D53AFA9-0B5A-4DBE-96EA-DDD7F5ADE950}.Debug|Any CPU.Build.0 = Debug|Any CPU
		{8D53AFA9-0B5A-4DBE-96EA-DDD7F5ADE950}.Debug|x64.ActiveCfg = Debug|Any CPU
		{8D53AFA9-0B5A-4DBE-96EA-DDD7F5ADE950}.Debug|x64.Build.0 = Debug|Any CPU
		{8D53AFA9-0B5A-4DBE-96EA-DDD7F5ADE950}.Debug|x86.ActiveCfg = Debug|Any CPU
		{8D53AFA9-0B5A-4DBE-96EA-DDD7F5ADE950}.Debug|x86.Build.0 = Debug|Any CPU
		{8D53AFA9-0B5A-4DBE-96EA-DDD7F5ADE950}.Release|Any CPU.ActiveCfg = Release|Any CPU
		{8D53AFA9-0B5A-4DBE-96EA-DDD7F5ADE950}.Release|Any CPU.Build.0 = Release|Any CPU
		{8D53AFA9-0B5A-4DBE-96EA-DDD7F5ADE950}.Release|x64.ActiveCfg = Release|Any CPU
		{8D53AFA9-0B5A-4DBE-96EA-DDD7F5ADE950}.Release|x64.Build.0 = Release|Any CPU
		{8D53AFA9-0B5A-4DBE-96EA-DDD7F5ADE950}.Release|x86.ActiveCfg = Release|Any CPU
		{8D53AFA9-0B5A-4DBE-96EA-DDD7F5ADE950}.Release|x86.Build.0 = Release|Any CPU
		{DE3B794D-3FE0-420D-8047-29614527BF7A}.Debug|Any CPU.ActiveCfg = Debug|Any CPU
		{DE3B794D-3FE0-420D-8047-29614527BF7A}.Debug|Any CPU.Build.0 = Debug|Any CPU
		{DE3B794D-3FE0-420D-8047-29614527BF7A}.Debug|x64.ActiveCfg = Debug|Any CPU
		{DE3B794D-3FE0-420D-8047-29614527BF7A}.Debug|x64.Build.0 = Debug|Any CPU
		{DE3B794D-3FE0-420D-8047-29614527BF7A}.Debug|x86.ActiveCfg = Debug|Any CPU
		{DE3B794D-3FE0-420D-8047-29614527BF7A}.Debug|x86.Build.0 = Debug|Any CPU
		{DE3B794D-3FE0-420D-8047-29614527BF7A}.Release|Any CPU.ActiveCfg = Release|Any CPU
		{DE3B794D-3FE0-420D-8047-29614527BF7A}.Release|Any CPU.Build.0 = Release|Any CPU
		{DE3B794D-3FE0-420D-8047-29614527BF7A}.Release|x64.ActiveCfg = Release|Any CPU
		{DE3B794D-3FE0-420D-8047-29614527BF7A}.Release|x64.Build.0 = Release|Any CPU
		{DE3B794D-3FE0-420D-8047-29614527BF7A}.Release|x86.ActiveCfg = Release|Any CPU
		{DE3B794D-3FE0-420D-8047-29614527BF7A}.Release|x86.Build.0 = Release|Any CPU
	EndGlobalSection
	GlobalSection(SolutionProperties) = preSolution
		HideSolutionNode = FALSE
	EndGlobalSection
	GlobalSection(ExtensibilityGlobals) = postSolution
		SolutionGuid = {3ED28280-CAFA-477D-A310-C3E3CC1E8E95}
	EndGlobalSection
EndGlobal
